
Microsoft Visual Studio Solution File, Format Version 12.00
# Visual Studio Version 17
VisualStudioVersion = 17.14.36408.4
MinimumVisualStudioVersion = 10.0.40219.1
Project("{FAE04EC0-301F-11D3-BF4B-00C04F79EFBC}") = "MessageBoard.Domain", "MessageBoard.Domain\MessageBoard.Domain.csproj", "{7695843A-69FA-4BFE-8121-836D0BE577F4}"
EndProject
Project("{FAE04EC0-301F-11D3-BF4B-00C04F79EFBC}") = "MessageBoard.Infrastructure", "MessageBoard.Infrastructure\MessageBoard.Infrastructure.csproj", "{647AFA4E-AABC-419D-A090-5E2F92850436}"
EndProject
Project("{FAE04EC0-301F-11D3-BF4B-00C04F79EFBC}") = "MessageBoard.Application", "MessageBoard.Application\MessageBoard.Application.csproj", "{086A6498-B2F5-4213-86BA-989BC8EC04EF}"
EndProject
Project("{FAE04EC0-301F-11D3-BF4B-00C04F79EFBC}") = "MessageBoard.Console", "MessageBoard.Console\MessageBoard.Console.csproj", "{0BA61E19-7AC4-F1D9-CA23-29A874B27A33}"
EndProject
Global
	GlobalSection(SolutionConfigurationPlatforms) = preSolution
		Debug|Any CPU = Debug|Any CPU
		Release|Any CPU = Release|Any CPU
	EndGlobalSection
	GlobalSection(ProjectConfigurationPlatforms) = postSolution
		{7695843A-69FA-4BFE-8121-836D0BE577F4}.Debug|Any CPU.ActiveCfg = Debug|Any CPU
		{7695843A-69FA-4BFE-8121-836D0BE577F4}.Debug|Any CPU.Build.0 = Debug|Any CPU
		{7695843A-69FA-4BFE-8121-836D0BE577F4}.Release|Any CPU.ActiveCfg = Release|Any CPU
		{7695843A-69FA-4BFE-8121-836D0BE577F4}.Release|Any CPU.Build.0 = Release|Any CPU
		{647AFA4E-AABC-419D-A090-5E2F92850436}.Debug|Any CPU.ActiveCfg = Debug|Any CPU
		{647AFA4E-AABC-419D-A090-5E2F92850436}.Debug|Any CPU.Build.0 = Debug|Any CPU
		{647AFA4E-AABC-419D-A090-5E2F92850436}.Release|Any CPU.ActiveCfg = Release|Any CPU
		{647AFA4E-AABC-419D-A090-5E2F92850436}.Release|Any CPU.Build.0 = Release|Any CPU
		{086A6498-B2F5-4213-86BA-989BC8EC04EF}.Debug|Any CPU.ActiveCfg = Debug|Any CPU
		{086A6498-B2F5-4213-86BA-989BC8EC04EF}.Debug|Any CPU.Build.0 = Debug|Any CPU
		{086A6498-B2F5-4213-86BA-989BC8EC04EF}.Release|Any CPU.ActiveCfg = Release|Any CPU
		{086A6498-B2F5-4213-86BA-989BC8EC04EF}.Release|Any CPU.Build.0 = Release|Any CPU
		{0BA61E19-7AC4-F1D9-CA23-29A874B27A33}.Debug|Any CPU.ActiveCfg = Debug|Any CPU
		{0BA61E19-7AC4-F1D9-CA23-29A874B27A33}.Debug|Any CPU.Build.0 = Debug|Any CPU
		{0BA61E19-7AC4-F1D9-CA23-29A874B27A33}.Release|Any CPU.ActiveCfg = Release|Any CPU
		{0BA61E19-7AC4-F1D9-CA23-29A874B27A33}.Release|Any CPU.Build.0 = Release|Any CPU
	EndGlobalSection
	GlobalSection(SolutionProperties) = preSolution
		HideSolutionNode = FALSE
	EndGlobalSection
	GlobalSection(ExtensibilityGlobals) = postSolution
		SolutionGuid = {81E2068F-EC2D-47D4-B044-70A1B1F58CB6}
	EndGlobalSection
EndGlobal
